// !$*UTF8*$!
{
	archiveVersion = 1;
	classes = {
	};
	objectVersion = 46;
	objects = {

/* Begin PBXBuildFile section */
		D43ED68C1D9E491D002699AA /* main.m in Sources */ = {isa = PBXBuildFile; fileRef = D43ED68B1D9E491D002699AA /* main.m */; };
		D43ED68F1D9E491D002699AA /* AppDelegate.m in Sources */ = {isa = PBXBuildFile; fileRef = D43ED68E1D9E491D002699AA /* AppDelegate.m */; };
		D43ED6921D9E491D002699AA /* ViewController.m in Sources */ = {isa = PBXBuildFile; fileRef = D43ED6911D9E491D002699AA /* ViewController.m */; };
		D43ED6951D9E491D002699AA /* Main.storyboard in Resources */ = {isa = PBXBuildFile; fileRef = D43ED6931D9E491D002699AA /* Main.storyboard */; };
		D43ED6971D9E491D002699AA /* Assets.xcassets in Resources */ = {isa = PBXBuildFile; fileRef = D43ED6961D9E491D002699AA /* Assets.xcassets */; };
		D43ED69A1D9E491D002699AA /* LaunchScreen.storyboard in Resources */ = {isa = PBXBuildFile; fileRef = D43ED6981D9E491D002699AA /* LaunchScreen.storyboard */; };
		D43ED6A61D9E499C002699AA /* SSlideTableBaseCell.m in Sources */ = {isa = PBXBuildFile; fileRef = D43ED6A31D9E499C002699AA /* SSlideTableBaseCell.m */; };
		D43ED6A71D9E499C002699AA /* SSlideTableView.m in Sources */ = {isa = PBXBuildFile; fileRef = D43ED6A51D9E499C002699AA /* SSlideTableView.m */; };
		D43ED6AA1D9E49C7002699AA /* TestTableCell.m in Sources */ = {isa = PBXBuildFile; fileRef = D43ED6A91D9E49C7002699AA /* TestTableCell.m */; };
/* End PBXBuildFile section */

/* Begin PBXFileReference section */
		D43ED6871D9E491D002699AA /* SSlideTableView.app */ = {isa = PBXFileReference; explicitFileType = wrapper.application; includeInIndex = 0; path = SSlideTableView.app; sourceTree = BUILT_PRODUCTS_DIR; };
		D43ED68B1D9E491D002699AA /* main.m */ = {isa = PBXFileReference; lastKnownFileType = sourcecode.c.objc; path = main.m; sourceTree = "<group>"; };
		D43ED68D1D9E491D002699AA /* AppDelegate.h */ = {isa = PBXFileReference; lastKnownFileType = sourcecode.c.h; path = AppDelegate.h; sourceTree = "<group>"; };
		D43ED68E1D9E491D002699AA /* AppDelegate.m */ = {isa = PBXFileReference; lastKnownFileType = sourcecode.c.objc; path = AppDelegate.m; sourceTree = "<group>"; };
		D43ED6901D9E491D002699AA /* ViewController.h */ = {isa = PBXFileReference; lastKnownFileType = sourcecode.c.h; path = ViewController.h; sourceTree = "<group>"; };
		D43ED6911D9E491D002699AA /* ViewController.m */ = {isa = PBXFileReference; lastKnownFileType = sourcecode.c.objc; path = ViewController.m; sourceTree = "<group>"; };
		D43ED6941D9E491D002699AA /* Base */ = {isa = PBXFileReference; lastKnownFileType = file.storyboard; name = Base; path = Base.lproj/Main.storyboard; sourceTree = "<group>"; };
		D43ED6961D9E491D002699AA /* Assets.xcassets */ = {isa = PBXFileReference; lastKnownFileType = folder.assetcatalog; path = Assets.xcassets; sourceTree = "<group>"; };
		D43ED6991D9E491D002699AA /* Base */ = {isa = PBXFileReference; lastKnownFileType = file.storyboard; name = Base; path = Base.lproj/LaunchScreen.storyboard; sourceTree = "<group>"; };
		D43ED69B1D9E491D002699AA /* Info.plist */ = {isa = PBXFileReference; lastKnownFileType = text.plist.xml; path = Info.plist; sourceTree = "<group>"; };
		D43ED6A21D9E499C002699AA /* SSlideTableBaseCell.h */ = {isa = PBXFileReference; fileEncoding = 4; lastKnownFileType = sourcecode.c.h; path = SSlideTableBaseCell.h; sourceTree = "<group>"; };
		D43ED6A31D9E499C002699AA /* SSlideTableBaseCell.m */ = {isa = PBXFileReference; fileEncoding = 4; lastKnownFileType = sourcecode.c.objc; path = SSlideTableBaseCell.m; sourceTree = "<group>"; };
		D43ED6A41D9E499C002699AA /* SSlideTableView.h */ = {isa = PBXFileReference; fileEncoding = 4; lastKnownFileType = sourcecode.c.h; path = SSlideTableView.h; sourceTree = "<group>"; };
		D43ED6A51D9E499C002699AA /* SSlideTableView.m */ = {isa = PBXFileReference; fileEncoding = 4; lastKnownFileType = sourcecode.c.objc; path = SSlideTableView.m; sourceTree = "<group>"; };
		D43ED6A81D9E49C7002699AA /* TestTableCell.h */ = {isa = PBXFileReference; fileEncoding = 4; lastKnownFileType = sourcecode.c.h; path = TestTableCell.h; sourceTree = "<group>"; };
		D43ED6A91D9E49C7002699AA /* TestTableCell.m */ = {isa = PBXFileReference; fileEncoding = 4; lastKnownFileType = sourcecode.c.objc; path = TestTableCell.m; sourceTree = "<group>"; };
/* End PBXFileReference section */

/* Begin PBXFrameworksBuildPhase section */
		D43ED6841D9E491D002699AA /* Frameworks */ = {
			isa = PBXFrameworksBuildPhase;
			buildActionMask = 2147483647;
			files = (
			);
			runOnlyForDeploymentPostprocessing = 0;
		};
/* End PBXFrameworksBuildPhase section */

/* Begin PBXGroup section */
		D43ED67E1D9E491D002699AA = {
			isa = PBXGroup;
			children = (
				D43ED6891D9E491D002699AA /* SSlideTableView */,
				D43ED6881D9E491D002699AA /* Products */,
			);
			sourceTree = "<group>";
		};
		D43ED6881D9E491D002699AA /* Products */ = {
			isa = PBXGroup;
			children = (
				D43ED6871D9E491D002699AA /* SSlideTableView.app */,
			);
			name = Products;
			sourceTree = "<group>";
		};
		D43ED6891D9E491D002699AA /* SSlideTableView */ = {
			isa = PBXGroup;
			children = (
				D43ED6A81D9E49C7002699AA /* TestTableCell.h */,
				D43ED6A91D9E49C7002699AA /* TestTableCell.m */,
				D43ED6A11D9E499C002699AA /* Class */,
				D43ED68D1D9E491D002699AA /* AppDelegate.h */,
				D43ED68E1D9E491D002699AA /* AppDelegate.m */,
				D43ED6901D9E491D002699AA /* ViewController.h */,
				D43ED6911D9E491D002699AA /* ViewController.m */,
				D43ED6931D9E491D002699AA /* Main.storyboard */,
				D43ED6961D9E491D002699AA /* Assets.xcassets */,
				D43ED6981D9E491D002699AA /* LaunchScreen.storyboard */,
				D43ED69B1D9E491D002699AA /* Info.plist */,
				D43ED68A1D9E491D002699AA /* Supporting Files */,
			);
			path = SSlideTableView;
			sourceTree = "<group>";
		};
		D43ED68A1D9E491D002699AA /* Supporting Files */ = {
			isa = PBXGroup;
			children = (
				D43ED68B1D9E491D002699AA /* main.m */,
			);
			name = "Supporting Files";
			sourceTree = "<group>";
		};
		D43ED6A11D9E499C002699AA /* Class */ = {
			isa = PBXGroup;
			children = (
				D43ED6A21D9E499C002699AA /* SSlideTableBaseCell.h */,
				D43ED6A31D9E499C002699AA /* SSlideTableBaseCell.m */,
				D43ED6A41D9E499C002699AA /* SSlideTableView.h */,
				D43ED6A51D9E499C002699AA /* SSlideTableView.m */,
			);
			path = Class;
			sourceTree = "<group>";
		};
/* End PBXGroup section */

/* Begin PBXNativeTarget section */
		D43ED6861D9E491D002699AA /* SSlideTableView */ = {
			isa = PBXNativeTarget;
			buildConfigurationList = D43ED69E1D9E491D002699AA /* Build configuration list for PBXNativeTarget "SSlideTableView" */;
			buildPhases = (
				D43ED6831D9E491D002699AA /* Sources */,
				D43ED6841D9E491D002699AA /* Frameworks */,
				D43ED6851D9E491D002699AA /* Resources */,
			);
			buildRules = (
			);
			dependencies = (
			);
			name = SSlideTableView;
			productName = SSlideTableView;
			productReference = D43ED6871D9E491D002699AA /* SSlideTableView.app */;
			productType = "com.apple.product-type.application";
		};
/* End PBXNativeTarget section */

/* Begin PBXProject section */
		D43ED67F1D9E491D002699AA /* Project object */ = {
			isa = PBXProject;
			attributes = {
				LastUpgradeCheck = 0800;
				ORGANIZATIONNAME = tongxuan;
				TargetAttributes = {
					D43ED6861D9E491D002699AA = {
						CreatedOnToolsVersion = 8.0;
						ProvisioningStyle = Automatic;
					};
				};
			};
			buildConfigurationList = D43ED6821D9E491D002699AA /* Build configuration list for PBXProject "SSlideTableView" */;
			compatibilityVersion = "Xcode 3.2";
			developmentRegion = English;
			hasScannedForEncodings = 0;
			knownRegions = (
				en,
				Base,
			);
			mainGroup = D43ED67E1D9E491D002699AA;
			productRefGroup = D43ED6881D9E491D002699AA /* Products */;
			projectDirPath = "";
			projectRoot = "";
			targets = (
				D43ED6861D9E491D002699AA /* SSlideTableView */,
			);
		};
/* End PBXProject section */

/* Begin PBXResourcesBuildPhase section */
		D43ED6851D9E491D002699AA /* Resources */ = {
			isa = PBXResourcesBuildPhase;
			buildActionMask = 2147483647;
			files = (
				D43ED69A1D9E491D002699AA /* LaunchScreen.storyboard in Resources */,
				D43ED6971D9E491D002699AA /* Assets.xcassets in Resources */,
				D43ED6951D9E491D002699AA /* Main.storyboard in Resources */,
			);
			runOnlyForDeploymentPostprocessing = 0;
		};
/* End PBXResourcesBuildPhase section */

/* Begin PBXSourcesBuildPhase section */
		D43ED6831D9E491D002699AA /* Sources */ = {
			isa = PBXSourcesBuildPhase;
			buildActionMask = 2147483647;
			files = (
				D43ED6921D9E491D002699AA /* ViewController.m in Sources */,
				D43ED68F1D9E491D002699AA /* AppDelegate.m in Sources */,
				D43ED6AA1D9E49C7002699AA /* TestTableCell.m in Sources */,
				D43ED6A71D9E499C002699AA /* SSlideTableView.m in Sources */,
				D43ED68C1D9E491D002699AA /* main.m in Sources */,
				D43ED6A61D9E499C002699AA /* SSlideTableBaseCell.m in Sources */,
			);
			runOnlyForDeploymentPostprocessing = 0;
		};
/* End PBXSourcesBuildPhase section */

/* Begin PBXVariantGroup section */
		D43ED6931D9E491D002699AA /* Main.storyboard */ = {
			isa = PBXVariantGroup;
			children = (
				D43ED6941D9E491D002699AA /* Base */,
			);
			name = Main.storyboard;
			sourceTree = "<group>";
		};
		D43ED6981D9E491D002699AA /* LaunchScreen.storyboard */ = {
			isa = PBXVariantGroup;
			children = (
				D43ED6991D9E491D002699AA /* Base */,
			);
			name = LaunchScreen.storyboard;
			sourceTree = "<group>";
		};
/* End PBXVariantGroup section */

/* Begin XCBuildConfiguration section */
		D43ED69C1D9E491D002699AA /* Debug */ = {
			isa = XCBuildConfiguration;
			buildSettings = {
				ALWAYS_SEARCH_USER_PATHS = NO;
				CLANG_ANALYZER_NONNULL = YES;
				CLANG_CXX_LANGUAGE_STANDARD = "gnu++0x";
				CLANG_CXX_LIBRARY = "libc++";
				CLANG_ENABLE_MODULES = YES;
				CLANG_ENABLE_OBJC_ARC = YES;
				CLANG_WARN_BOOL_CONVERSION = YES;
				CLANG_WARN_CONSTANT_CONVERSION = YES;
				CLANG_WARN_DIRECT_OBJC_ISA_USAGE = YES_ERROR;
				CLANG_WARN_DOCUMENTATION_COMMENTS = YES;
				CLANG_WARN_EMPTY_BODY = YES;
				CLANG_WARN_ENUM_CONVERSION = YES;
				CLANG_WARN_INFINITE_RECURSION = YES;
				CLANG_WARN_INT_CONVERSION = YES;
				CLANG_WARN_OBJC_ROOT_CLASS = YES_ERROR;
				CLANG_WARN_SUSPICIOUS_MOVES = YES;
				CLANG_WARN_UNREACHABLE_CODE = YES;
				CLANG_WARN__DUPLICATE_METHOD_MATCH = YES;
				"CODE_SIGN_IDENTITY[sdk=iphoneos*]" = "iPhone Developer";
				COPY_PHASE_STRIP = NO;
				DEBUG_INFORMATION_FORMAT = dwarf;
				ENABLE_STRICT_OBJC_MSGSEND = YES;
				ENABLE_TESTABILITY = YES;
				GCC_C_LANGUAGE_STANDARD = gnu99;
				GCC_DYNAMIC_NO_PIC = NO;
				GCC_NO_COMMON_BLOCKS = YES;
				GCC_OPTIMIZATION_LEVEL = 0;
				GCC_PREPROCESSOR_DEFINITIONS = (
					"DEBUG=1",
					"$(inherited)",
				);
				GCC_WARN_64_TO_32_BIT_CONVERSION = YES;
				GCC_WARN_ABOUT_RETURN_TYPE = YES_ERROR;
				GCC_WARN_UNDECLARED_SELECTOR = YES;
				GCC_WARN_UNINITIALIZED_AUTOS = YES_AGGRESSIVE;
				GCC_WARN_UNUSED_FUNCTION = YES;
				GCC_WARN_UNUSED_VARIABLE = YES;
				IPHONEOS_DEPLOYMENT_TARGET = 10.0;
				MTL_ENABLE_DEBUG_INFO = YES;
				ONLY_ACTIVE_ARCH = YES;
				SDKROOT = iphoneos;
			};
			name = Debug;
		};
		D43ED69D1D9E491D002699AA /* Release */ = {
			isa = XCBuildConfiguration;
			buildSettings = {
				ALWAYS_SEARCH_USER_PATHS = NO;
				CLANG_ANALYZER_NONNULL = YES;
				CLANG_CXX_LANGUAGE_STANDARD = "gnu++0x";
				CLANG_CXX_LIBRARY = "libc++";
				CLANG_ENABLE_MODULES = YES;
				CLANG_ENABLE_OBJC_ARC = YES;
				CLANG_WARN_BOOL_CONVERSION = YES;
				CLANG_WARN_CONSTANT_CONVERSION = YES;
				CLANG_WARN_DIRECT_OBJC_ISA_USAGE = YES_ERROR;
				CLANG_WARN_DOCUMENTATION_COMMENTS = YES;
				CLANG_WARN_EMPTY_BODY = YES;
				CLANG_WARN_ENUM_CONVERSION = YES;
				CLANG_WARN_INFINITE_RECURSION = YES;
				CLANG_WARN_INT_CONVERSION = YES;
				CLANG_WARN_OBJC_ROOT_CLASS = YES_ERROR;
				CLANG_WARN_SUSPICIOUS_MOVES = YES;
				CLANG_WARN_UNREACHABLE_CODE = YES;
				CLANG_WARN__DUPLICATE_METHOD_MATCH = YES;
				"CODE_SIGN_IDENTITY[sdk=iphoneos*]" = "iPhone Developer";
				COPY_PHASE_STRIP = NO;
				DEBUG_INFORMATION_FORMAT = "dwarf-with-dsym";
				ENABLE_NS_ASSERTIONS = NO;
				ENABLE_STRICT_OBJC_MSGSEND = YES;
				GCC_C_LANGUAGE_STANDARD = gnu99;
				GCC_NO_COMMON_BLOCKS = YES;
				GCC_WARN_64_TO_32_BIT_CONVERSION = YES;
				GCC_WARN_ABOUT_RETURN_TYPE = YES_ERROR;
				GCC_WARN_UNDECLARED_SELECTOR = YES;
				GCC_WARN_UNINITIALIZED_AUTOS = YES_AGGRESSIVE;
				GCC_WARN_UNUSED_FUNCTION = YES;
				GCC_WARN_UNUSED_VARIABLE = YES;
				IPHONEOS_DEPLOYMENT_TARGET = 10.0;
				MTL_ENABLE_DEBUG_INFO = NO;
				SDKROOT = iphoneos;
				VALIDATE_PRODUCT = YES;
			};
			name = Release;
		};
		D43ED69F1D9E491D002699AA /* Debug */ = {
			isa = XCBuildConfiguration;
			buildSettings = {
				ASSETCATALOG_COMPILER_APPICON_NAME = AppIcon;
				INFOPLIST_FILE = SSlideTableView/Info.plist;
				LD_RUNPATH_SEARCH_PATHS = "$(inherited) @executable_path/Frameworks";
				PRODUCT_BUNDLE_IDENTIFIER = tongxuan.SSlideTableView;
				PRODUCT_NAME = "$(TARGET_NAME)";
			};
			name = Debug;
		};
		D43ED6A01D9E491D002699AA /* Release */ = {
			isa = XCBuildConfiguration;
			buildSettings = {
				ASSETCATALOG_COMPILER_APPICON_NAME = AppIcon;
				INFOPLIST_FILE = SSlideTableView/Info.plist;
				LD_RUNPATH_SEARCH_PATHS = "$(inherited) @executable_path/Frameworks";
				PRODUCT_BUNDLE_IDENTIFIER = tongxuan.SSlideTableView;
				PRODUCT_NAME = "$(TARGET_NAME)";
			};
			name = Release;
		};
/* End XCBuildConfiguration section */

/* Begin XCConfigurationList section */
		D43ED6821D9E491D002699AA /* Build configuration list for PBXProject "SSlideTableView" */ = {
			isa = XCConfigurationList;
			buildConfigurations = (
				D43ED69C1D9E491D002699AA /* Debug */,
				D43ED69D1D9E491D002699AA /* Release */,
			);
			defaultConfigurationIsVisible = 0;
			defaultConfigurationName = Release;
		};
		D43ED69E1D9E491D002699AA /* Build configuration list for PBXNativeTarget "SSlideTableView" */ = {
			isa = XCConfigurationList;
			buildConfigurations = (
				D43ED69F1D9E491D002699AA /* Debug */,
				D43ED6A01D9E491D002699AA /* Release */,
			);
			defaultConfigurationIsVisible = 0;
			defaultConfigurationName = Release;
		};
/* End XCConfigurationList section */
	};
	rootObject = D43ED67F1D9E491D002699AA /* Project object */;
}
